{
  "name": "nextlevelpackage",
  "version": "1.0.0",
  "lockfileVersion": 3,
  "requires": true,
  "packages": {
    "": {
      "name": "nextlevelpackage",
      "version": "1.0.0",
      "license": "ISC",
      "dependencies": {
        "web-vitals": "^4.2.1"
      }
    },
    "node_modules/web-vitals": {
      "version": "4.2.1",
      "resolved": "https://registry.npmjs.org/web-vitals/-/web-vitals-4.2.1.tgz",
      "integrity": "sha512-U6bAxeudnhDqcXNl50JC4hLlqox9DZnngxfISZm3DMZnonW35xtJOVUc091L+DOY+6hVZVpKXoiCP0RiT6339Q==",
      "license": "Apache-2.0"
    }
  }
}
